
Microsoft Visual Studio Solution File, Format Version 12.00
# Visual Studio Version 17
VisualStudioVersion = 17.6.33723.286
MinimumVisualStudioVersion = 10.0.40219.1
Project("{FAE04EC0-301F-11D3-BF4B-00C04F79EFBC}") = "Application Express Voiture", "Application Express Voiture\Application Express Voiture.csproj", "{151A75E7-A94A-42BA-A6F1-7668A410FD53}"
EndProject
Global
	GlobalSection(SolutionConfigurationPlatforms) = preSolution
		Debug|Any CPU = Debug|Any CPU
		Release|Any CPU = Release|Any CPU
	EndGlobalSection
	GlobalSection(ProjectConfigurationPlatforms) = postSolution
		{151A75E7-A94A-42BA-A6F1-7668A410FD53}.Debug|Any CPU.ActiveCfg = Debug|Any CPU
		{151A75E7-A94A-42BA-A6F1-7668A410FD53}.Debug|Any CPU.Build.0 = Debug|Any CPU
		{151A75E7-A94A-42BA-A6F1-7668A410FD53}.Release|Any CPU.ActiveCfg = Release|Any CPU
		{151A75E7-A94A-42BA-A6F1-7668A410FD53}.Release|Any CPU.Build.0 = Release|Any CPU
	EndGlobalSection
	GlobalSection(SolutionProperties) = preSolution
		HideSolutionNode = FALSE
	EndGlobalSection
	GlobalSection(ExtensibilityGlobals) = postSolution
		SolutionGuid = {01DDFE01-BE2F-47A1-A434-9BC73834A011}
	EndGlobalSection
EndGlobal
